// !$*UTF8*$!
{
	archiveVersion = 1;
	classes = {
	};
	objectVersion = 50;
	objects = {

/* Begin PBXBuildFile section */
		58BB5EA9262FCE8000A90498 /* _2_SF_SymbolApp.swift in Sources */ = {isa = PBXBuildFile; fileRef = 58BB5EA8262FCE8000A90498 /* _2_SF_SymbolApp.swift */; };
		58BB5EAB262FCE8000A90498 /* ContentView.swift in Sources */ = {isa = PBXBuildFile; fileRef = 58BB5EAA262FCE8000A90498 /* ContentView.swift */; };
		58BB5EAD262FCE8200A90498 /* Assets.xcassets in Resources */ = {isa = PBXBuildFile; fileRef = 58BB5EAC262FCE8200A90498 /* Assets.xcassets */; };
		58BB5EB0262FCE8200A90498 /* Preview Assets.xcassets in Resources */ = {isa = PBXBuildFile; fileRef = 58BB5EAF262FCE8200A90498 /* Preview Assets.xcassets */; };
/* End PBXBuildFile section */

/* Begin PBXFileReference section */
		58BB5EA5262FCE8000A90498 /* 02-SF_Symbol.app */ = {isa = PBXFileReference; explicitFileType = wrapper.application; includeInIndex = 0; path = "02-SF_Symbol.app"; sourceTree = BUILT_PRODUCTS_DIR; };
		58BB5EA8262FCE8000A90498 /* _2_SF_SymbolApp.swift */ = {isa = PBXFileReference; lastKnownFileType = sourcecode.swift; path = _2_SF_SymbolApp.swift; sourceTree = "<group>"; };
		58BB5EAA262FCE8000A90498 /* ContentView.swift */ = {isa = PBXFileReference; lastKnownFileType = sourcecode.swift; path = ContentView.swift; sourceTree = "<group>"; };
		58BB5EAC262FCE8200A90498 /* Assets.xcassets */ = {isa = PBXFileReference; lastKnownFileType = folder.assetcatalog; path = Assets.xcassets; sourceTree = "<group>"; };
		58BB5EAF262FCE8200A90498 /* Preview Assets.xcassets */ = {isa = PBXFileReference; lastKnownFileType = folder.assetcatalog; path = "Preview Assets.xcassets"; sourceTree = "<group>"; };
		58BB5EB1262FCE8200A90498 /* Info.plist */ = {isa = PBXFileReference; lastKnownFileType = text.plist.xml; path = Info.plist; sourceTree = "<group>"; };
/* End PBXFileReference section */

/* Begin PBXFrameworksBuildPhase section */
		58BB5EA2262FCE8000A90498 /* Frameworks */ = {
			isa = PBXFrameworksBuildPhase;
			buildActionMask = 2147483647;
			files = (
			);
			runOnlyForDeploymentPostprocessing = 0;
		};
/* End PBXFrameworksBuildPhase section */

/* Begin PBXGroup section */
		58BB5E9C262FCE8000A90498 = {
			isa = PBXGroup;
			children = (
				58BB5EA7262FCE8000A90498 /* 02-SF_Symbol */,
				58BB5EA6262FCE8000A90498 /* Products */,
			);
			sourceTree = "<group>";
		};
		58BB5EA6262FCE8000A90498 /* Products */ = {
			isa = PBXGroup;
			children = (
				58BB5EA5262FCE8000A90498 /* 02-SF_Symbol.app */,
			);
			name = Products;
			sourceTree = "<group>";
		};
		58BB5EA7262FCE8000A90498 /* 02-SF_Symbol */ = {
			isa = PBXGroup;
			children = (
				58BB5EA8262FCE8000A90498 /* _2_SF_SymbolApp.swift */,
				58BB5EAA262FCE8000A90498 /* ContentView.swift */,
				58BB5EAC262FCE8200A90498 /* Assets.xcassets */,
				58BB5EB1262FCE8200A90498 /* Info.plist */,
				58BB5EAE262FCE8200A90498 /* Preview Content */,
			);
			path = "02-SF_Symbol";
			sourceTree = "<group>";
		};
		58BB5EAE262FCE8200A90498 /* Preview Content */ = {
			isa = PBXGroup;
			children = (
				58BB5EAF262FCE8200A90498 /* Preview Assets.xcassets */,
			);
			path = "Preview Content";
			sourceTree = "<group>";
		};
/* End PBXGroup section */

/* Begin PBXNativeTarget section */
		58BB5EA4262FCE8000A90498 /* 02-SF_Symbol */ = {
			isa = PBXNativeTarget;
			buildConfigurationList = 58BB5EB4262FCE8200A90498 /* Build configuration list for PBXNativeTarget "02-SF_Symbol" */;
			buildPhases = (
				58BB5EA1262FCE8000A90498 /* Sources */,
				58BB5EA2262FCE8000A90498 /* Frameworks */,
				58BB5EA3262FCE8000A90498 /* Resources */,
			);
			buildRules = (
			);
			dependencies = (
			);
			name = "02-SF_Symbol";
			productName = "02-SF_Symbol";
			productReference = 58BB5EA5262FCE8000A90498 /* 02-SF_Symbol.app */;
			productType = "com.apple.product-type.application";
		};
/* End PBXNativeTarget section */

/* Begin PBXProject section */
		58BB5E9D262FCE8000A90498 /* Project object */ = {
			isa = PBXProject;
			attributes = {
				LastSwiftUpdateCheck = 1240;
				LastUpgradeCheck = 1240;
				TargetAttributes = {
					58BB5EA4262FCE8000A90498 = {
						CreatedOnToolsVersion = 12.4;
					};
				};
			};
			buildConfigurationList = 58BB5EA0262FCE8000A90498 /* Build configuration list for PBXProject "02-SF_Symbol" */;
			compatibilityVersion = "Xcode 9.3";
			developmentRegion = en;
			hasScannedForEncodings = 0;
			knownRegions = (
				en,
				Base,
			);
			mainGroup = 58BB5E9C262FCE8000A90498;
			productRefGroup = 58BB5EA6262FCE8000A90498 /* Products */;
			projectDirPath = "";
			projectRoot = "";
			targets = (
				58BB5EA4262FCE8000A90498 /* 02-SF_Symbol */,
			);
		};
/* End PBXProject section */

/* Begin PBXResourcesBuildPhase section */
		58BB5EA3262FCE8000A90498 /* Resources */ = {
			isa = PBXResourcesBuildPhase;
			buildActionMask = 2147483647;
			files = (
				58BB5EB0262FCE8200A90498 /* Preview Assets.xcassets in Resources */,
				58BB5EAD262FCE8200A90498 /* Assets.xcassets in Resources */,
			);
			runOnlyForDeploymentPostprocessing = 0;
		};
/* End PBXResourcesBuildPhase section */

/* Begin PBXSourcesBuildPhase section */
		58BB5EA1262FCE8000A90498 /* Sources */ = {
			isa = PBXSourcesBuildPhase;
			buildActionMask = 2147483647;
			files = (
				58BB5EAB262FCE8000A90498 /* ContentView.swift in Sources */,
				58BB5EA9262FCE8000A90498 /* _2_SF_SymbolApp.swift in Sources */,
			);
			runOnlyForDeploymentPostprocessing = 0;
		};
/* End PBXSourcesBuildPhase section */

/* Begin XCBuildConfiguration section */
		58BB5EB2262FCE8200A90498 /* Debug */ = {
			isa = XCBuildConfiguration;
			buildSettings = {
				ALWAYS_SEARCH_USER_PATHS = NO;
				CLANG_ANALYZER_NONNULL = YES;
				CLANG_ANALYZER_NUMBER_OBJECT_CONVERSION = YES_AGGRESSIVE;
				CLANG_CXX_LANGUAGE_STANDARD = "gnu++14";
				CLANG_CXX_LIBRARY = "libc++";
				CLANG_ENABLE_MODULES = YES;
				CLANG_ENABLE_OBJC_ARC = YES;
				CLANG_ENABLE_OBJC_WEAK = YES;
				CLANG_WARN_BLOCK_CAPTURE_AUTORELEASING = YES;
				CLANG_WARN_BOOL_CONVERSION = YES;
				CLANG_WARN_COMMA = YES;
				CLANG_WARN_CONSTANT_CONVERSION = YES;
				CLANG_WARN_DEPRECATED_OBJC_IMPLEMENTATIONS = YES;
				CLANG_WARN_DIRECT_OBJC_ISA_USAGE = YES_ERROR;
				CLANG_WARN_DOCUMENTATION_COMMENTS = YES;
				CLANG_WARN_EMPTY_BODY = YES;
				CLANG_WARN_ENUM_CONVERSION = YES;
				CLANG_WARN_INFINITE_RECURSION = YES;
				CLANG_WARN_INT_CONVERSION = YES;
				CLANG_WARN_NON_LITERAL_NULL_CONVERSION = YES;
				CLANG_WARN_OBJC_IMPLICIT_RETAIN_SELF = YES;
				CLANG_WARN_OBJC_LITERAL_CONVERSION = YES;
				CLANG_WARN_OBJC_ROOT_CLASS = YES_ERROR;
				CLANG_WARN_QUOTED_INCLUDE_IN_FRAMEWORK_HEADER = YES;
				CLANG_WARN_RANGE_LOOP_ANALYSIS = YES;
				CLANG_WARN_STRICT_PROTOTYPES = YES;
				CLANG_WARN_SUSPICIOUS_MOVE = YES;
				CLANG_WARN_UNGUARDED_AVAILABILITY = YES_AGGRESSIVE;
				CLANG_WARN_UNREACHABLE_CODE = YES;
				CLANG_WARN__DUPLICATE_METHOD_MATCH = YES;
				COPY_PHASE_STRIP = NO;
				DEBUG_INFORMATION_FORMAT = dwarf;
				ENABLE_STRICT_OBJC_MSGSEND = YES;
				ENABLE_TESTABILITY = YES;
				GCC_C_LANGUAGE_STANDARD = gnu11;
				GCC_DYNAMIC_NO_PIC = NO;
				GCC_NO_COMMON_BLOCKS = YES;
				GCC_OPTIMIZATION_LEVEL = 0;
				GCC_PREPROCESSOR_DEFINITIONS = (
					"DEBUG=1",
					"$(inherited)",
				);
				GCC_WARN_64_TO_32_BIT_CONVERSION = YES;
				GCC_WARN_ABOUT_RETURN_TYPE = YES_ERROR;
				GCC_WARN_UNDECLARED_SELECTOR = YES;
				GCC_WARN_UNINITIALIZED_AUTOS = YES_AGGRESSIVE;
				GCC_WARN_UNUSED_FUNCTION = YES;
				GCC_WARN_UNUSED_VARIABLE = YES;
				IPHONEOS_DEPLOYMENT_TARGET = 14.4;
				MTL_ENABLE_DEBUG_INFO = INCLUDE_SOURCE;
				MTL_FAST_MATH = YES;
				ONLY_ACTIVE_ARCH = YES;
				SDKROOT = iphoneos;
				SWIFT_ACTIVE_COMPILATION_CONDITIONS = DEBUG;
				SWIFT_OPTIMIZATION_LEVEL = "-Onone";
			};
			name = Debug;
		};
		58BB5EB3262FCE8200A90498 /* Release */ = {
			isa = XCBuildConfiguration;
			buildSettings = {
				ALWAYS_SEARCH_USER_PATHS = NO;
				CLANG_ANALYZER_NONNULL = YES;
				CLANG_ANALYZER_NUMBER_OBJECT_CONVERSION = YES_AGGRESSIVE;
				CLANG_CXX_LANGUAGE_STANDARD = "gnu++14";
				CLANG_CXX_LIBRARY = "libc++";
				CLANG_ENABLE_MODULES = YES;
				CLANG_ENABLE_OBJC_ARC = YES;
				CLANG_ENABLE_OBJC_WEAK = YES;
				CLANG_WARN_BLOCK_CAPTURE_AUTORELEASING = YES;
				CLANG_WARN_BOOL_CONVERSION = YES;
				CLANG_WARN_COMMA = YES;
				CLANG_WARN_CONSTANT_CONVERSION = YES;
				CLANG_WARN_DEPRECATED_OBJC_IMPLEMENTATIONS = YES;
				CLANG_WARN_DIRECT_OBJC_ISA_USAGE = YES_ERROR;
				CLANG_WARN_DOCUMENTATION_COMMENTS = YES;
				CLANG_WARN_EMPTY_BODY = YES;
				CLANG_WARN_ENUM_CONVERSION = YES;
				CLANG_WARN_INFINITE_RECURSION = YES;
				CLANG_WARN_INT_CONVERSION = YES;
				CLANG_WARN_NON_LITERAL_NULL_CONVERSION = YES;
				CLANG_WARN_OBJC_IMPLICIT_RETAIN_SELF = YES;
				CLANG_WARN_OBJC_LITERAL_CONVERSION = YES;
				CLANG_WARN_OBJC_ROOT_CLASS = YES_ERROR;
				CLANG_WARN_QUOTED_INCLUDE_IN_FRAMEWORK_HEADER = YES;
				CLANG_WARN_RANGE_LOOP_ANALYSIS = YES;
				CLANG_WARN_STRICT_PROTOTYPES = YES;
				CLANG_WARN_SUSPICIOUS_MOVE = YES;
				CLANG_WARN_UNGUARDED_AVAILABILITY = YES_AGGRESSIVE;
				CLANG_WARN_UNREACHABLE_CODE = YES;
				CLANG_WARN__DUPLICATE_METHOD_MATCH = YES;
				COPY_PHASE_STRIP = NO;
				DEBUG_INFORMATION_FORMAT = "dwarf-with-dsym";
				ENABLE_NS_ASSERTIONS = NO;
				ENABLE_STRICT_OBJC_MSGSEND = YES;
				GCC_C_LANGUAGE_STANDARD = gnu11;
				GCC_NO_COMMON_BLOCKS = YES;
				GCC_WARN_64_TO_32_BIT_CONVERSION = YES;
				GCC_WARN_ABOUT_RETURN_TYPE = YES_ERROR;
				GCC_WARN_UNDECLARED_SELECTOR = YES;
				GCC_WARN_UNINITIALIZED_AUTOS = YES_AGGRESSIVE;
				GCC_WARN_UNUSED_FUNCTION = YES;
				GCC_WARN_UNUSED_VARIABLE = YES;
				IPHONEOS_DEPLOYMENT_TARGET = 14.4;
				MTL_ENABLE_DEBUG_INFO = NO;
				MTL_FAST_MATH = YES;
				SDKROOT = iphoneos;
				SWIFT_COMPILATION_MODE = wholemodule;
				SWIFT_OPTIMIZATION_LEVEL = "-O";
				VALIDATE_PRODUCT = YES;
			};
			name = Release;
		};
		58BB5EB5262FCE8200A90498 /* Debug */ = {
			isa = XCBuildConfiguration;
			buildSettings = {
				ASSETCATALOG_COMPILER_APPICON_NAME = AppIcon;
				ASSETCATALOG_COMPILER_GLOBAL_ACCENT_COLOR_NAME = AccentColor;
				CODE_SIGN_STYLE = Automatic;
				DEVELOPMENT_ASSET_PATHS = "\"02-SF_Symbol/Preview Content\"";
				DEVELOPMENT_TEAM = P5H32QBPX5;
				ENABLE_PREVIEWS = YES;
				INFOPLIST_FILE = "02-SF_Symbol/Info.plist";
				IPHONEOS_DEPLOYMENT_TARGET = 14.0;
				LD_RUNPATH_SEARCH_PATHS = (
					"$(inherited)",
					"@executable_path/Frameworks",
				);
				PRODUCT_BUNDLE_IDENTIFIER = "com.n0813.SFSymbol.-2-SF-Symbol";
				PRODUCT_NAME = "$(TARGET_NAME)";
				SWIFT_VERSION = 5.0;
				TARGETED_DEVICE_FAMILY = "1,2";
			};
			name = Debug;
		};
		58BB5EB6262FCE8200A90498 /* Release */ = {
			isa = XCBuildConfiguration;
			buildSettings = {
				ASSETCATALOG_COMPILER_APPICON_NAME = AppIcon;
				ASSETCATALOG_COMPILER_GLOBAL_ACCENT_COLOR_NAME = AccentColor;
				CODE_SIGN_STYLE = Automatic;
				DEVELOPMENT_ASSET_PATHS = "\"02-SF_Symbol/Preview Content\"";
				DEVELOPMENT_TEAM = P5H32QBPX5;
				ENABLE_PREVIEWS = YES;
				INFOPLIST_FILE = "02-SF_Symbol/Info.plist";
				IPHONEOS_DEPLOYMENT_TARGET = 14.0;
				LD_RUNPATH_SEARCH_PATHS = (
					"$(inherited)",
					"@executable_path/Frameworks",
				);
				PRODUCT_BUNDLE_IDENTIFIER = "com.n0813.SFSymbol.-2-SF-Symbol";
				PRODUCT_NAME = "$(TARGET_NAME)";
				SWIFT_VERSION = 5.0;
				TARGETED_DEVICE_FAMILY = "1,2";
			};
			name = Release;
		};
/* End XCBuildConfiguration section */

/* Begin XCConfigurationList section */
		58BB5EA0262FCE8000A90498 /* Build configuration list for PBXProject "02-SF_Symbol" */ = {
			isa = XCConfigurationList;
			buildConfigurations = (
				58BB5EB2262FCE8200A90498 /* Debug */,
				58BB5EB3262FCE8200A90498 /* Release */,
			);
			defaultConfigurationIsVisible = 0;
			defaultConfigurationName = Release;
		};
		58BB5EB4262FCE8200A90498 /* Build configuration list for PBXNativeTarget "02-SF_Symbol" */ = {
			isa = XCConfigurationList;
			buildConfigurations = (
				58BB5EB5262FCE8200A90498 /* Debug */,
				58BB5EB6262FCE8200A90498 /* Release */,
			);
			defaultConfigurationIsVisible = 0;
			defaultConfigurationName = Release;
		};
/* End XCConfigurationList section */
	};
	rootObject = 58BB5E9D262FCE8000A90498 /* Project object */;
}
